// !$*UTF8*$!
{
	archiveVersion = 1;
	classes = {
	};
	objectVersion = 50;
	objects = {

/* Begin PBXBuildFile section */
		0A75E7E721C68C6900E917C8 /* AppDelegate.swift in Sources */ = {isa = PBXBuildFile; fileRef = 0A75E7E621C68C6900E917C8 /* AppDelegate.swift */; };
		0A75E7E921C68C6900E917C8 /* ViewController.swift in Sources */ = {isa = PBXBuildFile; fileRef = 0A75E7E821C68C6900E917C8 /* ViewController.swift */; };
		0A75E7EC21C68C6900E917C8 /* Main.storyboard in Resources */ = {isa = PBXBuildFile; fileRef = 0A75E7EA21C68C6900E917C8 /* Main.storyboard */; };
		0A75E7EE21C68C6B00E917C8 /* Assets.xcassets in Resources */ = {isa = PBXBuildFile; fileRef = 0A75E7ED21C68C6B00E917C8 /* Assets.xcassets */; };
		0A75E7F121C68C6B00E917C8 /* LaunchScreen.storyboard in Resources */ = {isa = PBXBuildFile; fileRef = 0A75E7EF21C68C6B00E917C8 /* LaunchScreen.storyboard */; };
		0A75E7FC21C68C6B00E917C8 /* iOS_Flask_SeverTests.swift in Sources */ = {isa = PBXBuildFile; fileRef = 0A75E7FB21C68C6B00E917C8 /* iOS_Flask_SeverTests.swift */; };
		0A75E80721C68C6B00E917C8 /* iOS_Flask_SeverUITests.swift in Sources */ = {isa = PBXBuildFile; fileRef = 0A75E80621C68C6B00E917C8 /* iOS_Flask_SeverUITests.swift */; };
/* End PBXBuildFile section */

/* Begin PBXContainerItemProxy section */
		0A75E7F821C68C6B00E917C8 /* PBXContainerItemProxy */ = {
			isa = PBXContainerItemProxy;
			containerPortal = 0A75E7DB21C68C6900E917C8 /* Project object */;
			proxyType = 1;
			remoteGlobalIDString = 0A75E7E221C68C6900E917C8;
			remoteInfo = "iOS-Flask Sever";
		};
		0A75E80321C68C6B00E917C8 /* PBXContainerItemProxy */ = {
			isa = PBXContainerItemProxy;
			containerPortal = 0A75E7DB21C68C6900E917C8 /* Project object */;
			proxyType = 1;
			remoteGlobalIDString = 0A75E7E221C68C6900E917C8;
			remoteInfo = "iOS-Flask Sever";
		};
/* End PBXContainerItemProxy section */

/* Begin PBXFileReference section */
		0A75E7E321C68C6900E917C8 /* iOS-Flask Sever.app */ = {isa = PBXFileReference; explicitFileType = wrapper.application; includeInIndex = 0; path = "iOS-Flask Sever.app"; sourceTree = BUILT_PRODUCTS_DIR; };
		0A75E7E621C68C6900E917C8 /* AppDelegate.swift */ = {isa = PBXFileReference; lastKnownFileType = sourcecode.swift; path = AppDelegate.swift; sourceTree = "<group>"; };
		0A75E7E821C68C6900E917C8 /* ViewController.swift */ = {isa = PBXFileReference; lastKnownFileType = sourcecode.swift; path = ViewController.swift; sourceTree = "<group>"; };
		0A75E7EB21C68C6900E917C8 /* Base */ = {isa = PBXFileReference; lastKnownFileType = file.storyboard; name = Base; path = Base.lproj/Main.storyboard; sourceTree = "<group>"; };
		0A75E7ED21C68C6B00E917C8 /* Assets.xcassets */ = {isa = PBXFileReference; lastKnownFileType = folder.assetcatalog; path = Assets.xcassets; sourceTree = "<group>"; };
		0A75E7F021C68C6B00E917C8 /* Base */ = {isa = PBXFileReference; lastKnownFileType = file.storyboard; name = Base; path = Base.lproj/LaunchScreen.storyboard; sourceTree = "<group>"; };
		0A75E7F221C68C6B00E917C8 /* Info.plist */ = {isa = PBXFileReference; lastKnownFileType = text.plist.xml; path = Info.plist; sourceTree = "<group>"; };
		0A75E7F721C68C6B00E917C8 /* iOS-Flask SeverTests.xctest */ = {isa = PBXFileReference; explicitFileType = wrapper.cfbundle; includeInIndex = 0; path = "iOS-Flask SeverTests.xctest"; sourceTree = BUILT_PRODUCTS_DIR; };
		0A75E7FB21C68C6B00E917C8 /* iOS_Flask_SeverTests.swift */ = {isa = PBXFileReference; lastKnownFileType = sourcecode.swift; path = iOS_Flask_SeverTests.swift; sourceTree = "<group>"; };
		0A75E7FD21C68C6B00E917C8 /* Info.plist */ = {isa = PBXFileReference; lastKnownFileType = text.plist.xml; path = Info.plist; sourceTree = "<group>"; };
		0A75E80221C68C6B00E917C8 /* iOS-Flask SeverUITests.xctest */ = {isa = PBXFileReference; explicitFileType = wrapper.cfbundle; includeInIndex = 0; path = "iOS-Flask SeverUITests.xctest"; sourceTree = BUILT_PRODUCTS_DIR; };
		0A75E80621C68C6B00E917C8 /* iOS_Flask_SeverUITests.swift */ = {isa = PBXFileReference; lastKnownFileType = sourcecode.swift; path = iOS_Flask_SeverUITests.swift; sourceTree = "<group>"; };
		0A75E80821C68C6B00E917C8 /* Info.plist */ = {isa = PBXFileReference; lastKnownFileType = text.plist.xml; path = Info.plist; sourceTree = "<group>"; };
/* End PBXFileReference section */

/* Begin PBXFrameworksBuildPhase section */
		0A75E7E021C68C6900E917C8 /* Frameworks */ = {
			isa = PBXFrameworksBuildPhase;
			buildActionMask = 2147483647;
			files = (
			);
			runOnlyForDeploymentPostprocessing = 0;
		};
		0A75E7F421C68C6B00E917C8 /* Frameworks */ = {
			isa = PBXFrameworksBuildPhase;
			buildActionMask = 2147483647;
			files = (
			);
			runOnlyForDeploymentPostprocessing = 0;
		};
		0A75E7FF21C68C6B00E917C8 /* Frameworks */ = {
			isa = PBXFrameworksBuildPhase;
			buildActionMask = 2147483647;
			files = (
			);
			runOnlyForDeploymentPostprocessing = 0;
		};
/* End PBXFrameworksBuildPhase section */

/* Begin PBXGroup section */
		0A75E7DA21C68C6900E917C8 = {
			isa = PBXGroup;
			children = (
				0A75E7E521C68C6900E917C8 /* iOS-Flask Sever */,
				0A75E7FA21C68C6B00E917C8 /* iOS-Flask SeverTests */,
				0A75E80521C68C6B00E917C8 /* iOS-Flask SeverUITests */,
				0A75E7E421C68C6900E917C8 /* Products */,
			);
			sourceTree = "<group>";
		};
		0A75E7E421C68C6900E917C8 /* Products */ = {
			isa = PBXGroup;
			children = (
				0A75E7E321C68C6900E917C8 /* iOS-Flask Sever.app */,
				0A75E7F721C68C6B00E917C8 /* iOS-Flask SeverTests.xctest */,
				0A75E80221C68C6B00E917C8 /* iOS-Flask SeverUITests.xctest */,
			);
			name = Products;
			sourceTree = "<group>";
		};
		0A75E7E521C68C6900E917C8 /* iOS-Flask Sever */ = {
			isa = PBXGroup;
			children = (
				0A75E7E621C68C6900E917C8 /* AppDelegate.swift */,
				0A75E7E821C68C6900E917C8 /* ViewController.swift */,
				0A75E7EA21C68C6900E917C8 /* Main.storyboard */,
				0A75E7ED21C68C6B00E917C8 /* Assets.xcassets */,
				0A75E7EF21C68C6B00E917C8 /* LaunchScreen.storyboard */,
				0A75E7F221C68C6B00E917C8 /* Info.plist */,
			);
			path = "iOS-Flask Sever";
			sourceTree = "<group>";
		};
		0A75E7FA21C68C6B00E917C8 /* iOS-Flask SeverTests */ = {
			isa = PBXGroup;
			children = (
				0A75E7FB21C68C6B00E917C8 /* iOS_Flask_SeverTests.swift */,
				0A75E7FD21C68C6B00E917C8 /* Info.plist */,
			);
			path = "iOS-Flask SeverTests";
			sourceTree = "<group>";
		};
		0A75E80521C68C6B00E917C8 /* iOS-Flask SeverUITests */ = {
			isa = PBXGroup;
			children = (
				0A75E80621C68C6B00E917C8 /* iOS_Flask_SeverUITests.swift */,
				0A75E80821C68C6B00E917C8 /* Info.plist */,
			);
			path = "iOS-Flask SeverUITests";
			sourceTree = "<group>";
		};
/* End PBXGroup section */

/* Begin PBXNativeTarget section */
		0A75E7E221C68C6900E917C8 /* iOS-Flask Sever */ = {
			isa = PBXNativeTarget;
			buildConfigurationList = 0A75E80B21C68C6B00E917C8 /* Build configuration list for PBXNativeTarget "iOS-Flask Sever" */;
			buildPhases = (
				0A75E7DF21C68C6900E917C8 /* Sources */,
				0A75E7E021C68C6900E917C8 /* Frameworks */,
				0A75E7E121C68C6900E917C8 /* Resources */,
			);
			buildRules = (
			);
			dependencies = (
			);
			name = "iOS-Flask Sever";
			productName = "iOS-Flask Sever";
			productReference = 0A75E7E321C68C6900E917C8 /* iOS-Flask Sever.app */;
			productType = "com.apple.product-type.application";
		};
		0A75E7F621C68C6B00E917C8 /* iOS-Flask SeverTests */ = {
			isa = PBXNativeTarget;
			buildConfigurationList = 0A75E80E21C68C6B00E917C8 /* Build configuration list for PBXNativeTarget "iOS-Flask SeverTests" */;
			buildPhases = (
				0A75E7F321C68C6B00E917C8 /* Sources */,
				0A75E7F421C68C6B00E917C8 /* Frameworks */,
				0A75E7F521C68C6B00E917C8 /* Resources */,
			);
			buildRules = (
			);
			dependencies = (
				0A75E7F921C68C6B00E917C8 /* PBXTargetDependency */,
			);
			name = "iOS-Flask SeverTests";
			productName = "iOS-Flask SeverTests";
			productReference = 0A75E7F721C68C6B00E917C8 /* iOS-Flask SeverTests.xctest */;
			productType = "com.apple.product-type.bundle.unit-test";
		};
		0A75E80121C68C6B00E917C8 /* iOS-Flask SeverUITests */ = {
			isa = PBXNativeTarget;
			buildConfigurationList = 0A75E81121C68C6B00E917C8 /* Build configuration list for PBXNativeTarget "iOS-Flask SeverUITests" */;
			buildPhases = (
				0A75E7FE21C68C6B00E917C8 /* Sources */,
				0A75E7FF21C68C6B00E917C8 /* Frameworks */,
				0A75E80021C68C6B00E917C8 /* Resources */,
			);
			buildRules = (
			);
			dependencies = (
				0A75E80421C68C6B00E917C8 /* PBXTargetDependency */,
			);
			name = "iOS-Flask SeverUITests";
			productName = "iOS-Flask SeverUITests";
			productReference = 0A75E80221C68C6B00E917C8 /* iOS-Flask SeverUITests.xctest */;
			productType = "com.apple.product-type.bundle.ui-testing";
		};
/* End PBXNativeTarget section */

/* Begin PBXProject section */
		0A75E7DB21C68C6900E917C8 /* Project object */ = {
			isa = PBXProject;
			attributes = {
				LastSwiftUpdateCheck = 1010;
				LastUpgradeCheck = 1010;
				ORGANIZATIONNAME = "pat pataranutaporn";
				TargetAttributes = {
					0A75E7E221C68C6900E917C8 = {
						CreatedOnToolsVersion = 10.1;
					};
					0A75E7F621C68C6B00E917C8 = {
						CreatedOnToolsVersion = 10.1;
						TestTargetID = 0A75E7E221C68C6900E917C8;
					};
					0A75E80121C68C6B00E917C8 = {
						CreatedOnToolsVersion = 10.1;
						TestTargetID = 0A75E7E221C68C6900E917C8;
					};
				};
			};
			buildConfigurationList = 0A75E7DE21C68C6900E917C8 /* Build configuration list for PBXProject "iOS-Flask Sever" */;
			compatibilityVersion = "Xcode 9.3";
			developmentRegion = en;
			hasScannedForEncodings = 0;
			knownRegions = (
				en,
				Base,
			);
			mainGroup = 0A75E7DA21C68C6900E917C8;
			productRefGroup = 0A75E7E421C68C6900E917C8 /* Products */;
			projectDirPath = "";
			projectRoot = "";
			targets = (
				0A75E7E221C68C6900E917C8 /* iOS-Flask Sever */,
				0A75E7F621C68C6B00E917C8 /* iOS-Flask SeverTests */,
				0A75E80121C68C6B00E917C8 /* iOS-Flask SeverUITests */,
			);
		};
/* End PBXProject section */

/* Begin PBXResourcesBuildPhase section */
		0A75E7E121C68C6900E917C8 /* Resources */ = {
			isa = PBXResourcesBuildPhase;
			buildActionMask = 2147483647;
			files = (
				0A75E7F121C68C6B00E917C8 /* LaunchScreen.storyboard in Resources */,
				0A75E7EE21C68C6B00E917C8 /* Assets.xcassets in Resources */,
				0A75E7EC21C68C6900E917C8 /* Main.storyboard in Resources */,
			);
			runOnlyForDeploymentPostprocessing = 0;
		};
		0A75E7F521C68C6B00E917C8 /* Resources */ = {
			isa = PBXResourcesBuildPhase;
			buildActionMask = 2147483647;
			files = (
			);
			runOnlyForDeploymentPostprocessing = 0;
		};
		0A75E80021C68C6B00E917C8 /* Resources */ = {
			isa = PBXResourcesBuildPhase;
			buildActionMask = 2147483647;
			files = (
			);
			runOnlyForDeploymentPostprocessing = 0;
		};
/* End PBXResourcesBuildPhase section */

/* Begin PBXSourcesBuildPhase section */
		0A75E7DF21C68C6900E917C8 /* Sources */ = {
			isa = PBXSourcesBuildPhase;
			buildActionMask = 2147483647;
			files = (
				0A75E7E921C68C6900E917C8 /* ViewController.swift in Sources */,
				0A75E7E721C68C6900E917C8 /* AppDelegate.swift in Sources */,
			);
			runOnlyForDeploymentPostprocessing = 0;
		};
		0A75E7F321C68C6B00E917C8 /* Sources */ = {
			isa = PBXSourcesBuildPhase;
			buildActionMask = 2147483647;
			files = (
				0A75E7FC21C68C6B00E917C8 /* iOS_Flask_SeverTests.swift in Sources */,
			);
			runOnlyForDeploymentPostprocessing = 0;
		};
		0A75E7FE21C68C6B00E917C8 /* Sources */ = {
			isa = PBXSourcesBuildPhase;
			buildActionMask = 2147483647;
			files = (
				0A75E80721C68C6B00E917C8 /* iOS_Flask_SeverUITests.swift in Sources */,
			);
			runOnlyForDeploymentPostprocessing = 0;
		};
/* End PBXSourcesBuildPhase section */

/* Begin PBXTargetDependency section */
		0A75E7F921C68C6B00E917C8 /* PBXTargetDependency */ = {
			isa = PBXTargetDependency;
			target = 0A75E7E221C68C6900E917C8 /* iOS-Flask Sever */;
			targetProxy = 0A75E7F821C68C6B00E917C8 /* PBXContainerItemProxy */;
		};
		0A75E80421C68C6B00E917C8 /* PBXTargetDependency */ = {
			isa = PBXTargetDependency;
			target = 0A75E7E221C68C6900E917C8 /* iOS-Flask Sever */;
			targetProxy = 0A75E80321C68C6B00E917C8 /* PBXContainerItemProxy */;
		};
/* End PBXTargetDependency section */

/* Begin PBXVariantGroup section */
		0A75E7EA21C68C6900E917C8 /* Main.storyboard */ = {
			isa = PBXVariantGroup;
			children = (
				0A75E7EB21C68C6900E917C8 /* Base */,
			);
			name = Main.storyboard;
			sourceTree = "<group>";
		};
		0A75E7EF21C68C6B00E917C8 /* LaunchScreen.storyboard */ = {
			isa = PBXVariantGroup;
			children = (
				0A75E7F021C68C6B00E917C8 /* Base */,
			);
			name = LaunchScreen.storyboard;
			sourceTree = "<group>";
		};
/* End PBXVariantGroup section */

/* Begin XCBuildConfiguration section */
		0A75E80921C68C6B00E917C8 /* Debug */ = {
			isa = XCBuildConfiguration;
			buildSettings = {
				ALWAYS_SEARCH_USER_PATHS = NO;
				CLANG_ANALYZER_NONNULL = YES;
				CLANG_ANALYZER_NUMBER_OBJECT_CONVERSION = YES_AGGRESSIVE;
				CLANG_CXX_LANGUAGE_STANDARD = "gnu++14";
				CLANG_CXX_LIBRARY = "libc++";
				CLANG_ENABLE_MODULES = YES;
				CLANG_ENABLE_OBJC_ARC = YES;
				CLANG_ENABLE_OBJC_WEAK = YES;
				CLANG_WARN_BLOCK_CAPTURE_AUTORELEASING = YES;
				CLANG_WARN_BOOL_CONVERSION = YES;
				CLANG_WARN_COMMA = YES;
				CLANG_WARN_CONSTANT_CONVERSION = YES;
				CLANG_WARN_DEPRECATED_OBJC_IMPLEMENTATIONS = YES;
				CLANG_WARN_DIRECT_OBJC_ISA_USAGE = YES_ERROR;
				CLANG_WARN_DOCUMENTATION_COMMENTS = YES;
				CLANG_WARN_EMPTY_BODY = YES;
				CLANG_WARN_ENUM_CONVERSION = YES;
				CLANG_WARN_INFINITE_RECURSION = YES;
				CLANG_WARN_INT_CONVERSION = YES;
				CLANG_WARN_NON_LITERAL_NULL_CONVERSION = YES;
				CLANG_WARN_OBJC_IMPLICIT_RETAIN_SELF = YES;
				CLANG_WARN_OBJC_LITERAL_CONVERSION = YES;
				CLANG_WARN_OBJC_ROOT_CLASS = YES_ERROR;
				CLANG_WARN_RANGE_LOOP_ANALYSIS = YES;
				CLANG_WARN_STRICT_PROTOTYPES = YES;
				CLANG_WARN_SUSPICIOUS_MOVE = YES;
				CLANG_WARN_UNGUARDED_AVAILABILITY = YES_AGGRESSIVE;
				CLANG_WARN_UNREACHABLE_CODE = YES;
				CLANG_WARN__DUPLICATE_METHOD_MATCH = YES;
				CODE_SIGN_IDENTITY = "iPhone Developer";
				COPY_PHASE_STRIP = NO;
				DEBUG_INFORMATION_FORMAT = dwarf;
				ENABLE_STRICT_OBJC_MSGSEND = YES;
				ENABLE_TESTABILITY = YES;
				GCC_C_LANGUAGE_STANDARD = gnu11;
				GCC_DYNAMIC_NO_PIC = NO;
				GCC_NO_COMMON_BLOCKS = YES;
				GCC_OPTIMIZATION_LEVEL = 0;
				GCC_PREPROCESSOR_DEFINITIONS = (
					"DEBUG=1",
					"$(inherited)",
				);
				GCC_WARN_64_TO_32_BIT_CONVERSION = YES;
				GCC_WARN_ABOUT_RETURN_TYPE = YES_ERROR;
				GCC_WARN_UNDECLARED_SELECTOR = YES;
				GCC_WARN_UNINITIALIZED_AUTOS = YES_AGGRESSIVE;
				GCC_WARN_UNUSED_FUNCTION = YES;
				GCC_WARN_UNUSED_VARIABLE = YES;
				IPHONEOS_DEPLOYMENT_TARGET = 12.1;
				MTL_ENABLE_DEBUG_INFO = INCLUDE_SOURCE;
				MTL_FAST_MATH = YES;
				ONLY_ACTIVE_ARCH = YES;
				SDKROOT = iphoneos;
				SWIFT_ACTIVE_COMPILATION_CONDITIONS = DEBUG;
				SWIFT_OPTIMIZATION_LEVEL = "-Onone";
			};
			name = Debug;
		};
		0A75E80A21C68C6B00E917C8 /* Release */ = {
			isa = XCBuildConfiguration;
			buildSettings = {
				ALWAYS_SEARCH_USER_PATHS = NO;
				CLANG_ANALYZER_NONNULL = YES;
				CLANG_ANALYZER_NUMBER_OBJECT_CONVERSION = YES_AGGRESSIVE;
				CLANG_CXX_LANGUAGE_STANDARD = "gnu++14";
				CLANG_CXX_LIBRARY = "libc++";
				CLANG_ENABLE_MODULES = YES;
				CLANG_ENABLE_OBJC_ARC = YES;
				CLANG_ENABLE_OBJC_WEAK = YES;
				CLANG_WARN_BLOCK_CAPTURE_AUTORELEASING = YES;
				CLANG_WARN_BOOL_CONVERSION = YES;
				CLANG_WARN_COMMA = YES;
				CLANG_WARN_CONSTANT_CONVERSION = YES;
				CLANG_WARN_DEPRECATED_OBJC_IMPLEMENTATIONS = YES;
				CLANG_WARN_DIRECT_OBJC_ISA_USAGE = YES_ERROR;
				CLANG_WARN_DOCUMENTATION_COMMENTS = YES;
				CLANG_WARN_EMPTY_BODY = YES;
				CLANG_WARN_ENUM_CONVERSION = YES;
				CLANG_WARN_INFINITE_RECURSION = YES;
				CLANG_WARN_INT_CONVERSION = YES;
				CLANG_WARN_NON_LITERAL_NULL_CONVERSION = YES;
				CLANG_WARN_OBJC_IMPLICIT_RETAIN_SELF = YES;
				CLANG_WARN_OBJC_LITERAL_CONVERSION = YES;
				CLANG_WARN_OBJC_ROOT_CLASS = YES_ERROR;
				CLANG_WARN_RANGE_LOOP_ANALYSIS = YES;
				CLANG_WARN_STRICT_PROTOTYPES = YES;
				CLANG_WARN_SUSPICIOUS_MOVE = YES;
				CLANG_WARN_UNGUARDED_AVAILABILITY = YES_AGGRESSIVE;
				CLANG_WARN_UNREACHABLE_CODE = YES;
				CLANG_WARN__DUPLICATE_METHOD_MATCH = YES;
				CODE_SIGN_IDENTITY = "iPhone Developer";
				COPY_PHASE_STRIP = NO;
				DEBUG_INFORMATION_FORMAT = "dwarf-with-dsym";
				ENABLE_NS_ASSERTIONS = NO;
				ENABLE_STRICT_OBJC_MSGSEND = YES;
				GCC_C_LANGUAGE_STANDARD = gnu11;
				GCC_NO_COMMON_BLOCKS = YES;
				GCC_WARN_64_TO_32_BIT_CONVERSION = YES;
				GCC_WARN_ABOUT_RETURN_TYPE = YES_ERROR;
				GCC_WARN_UNDECLARED_SELECTOR = YES;
				GCC_WARN_UNINITIALIZED_AUTOS = YES_AGGRESSIVE;
				GCC_WARN_UNUSED_FUNCTION = YES;
				GCC_WARN_UNUSED_VARIABLE = YES;
				IPHONEOS_DEPLOYMENT_TARGET = 12.1;
				MTL_ENABLE_DEBUG_INFO = NO;
				MTL_FAST_MATH = YES;
				SDKROOT = iphoneos;
				SWIFT_COMPILATION_MODE = wholemodule;
				SWIFT_OPTIMIZATION_LEVEL = "-O";
				VALIDATE_PRODUCT = YES;
			};
			name = Release;
		};
		0A75E80C21C68C6B00E917C8 /* Debug */ = {
			isa = XCBuildConfiguration;
			buildSettings = {
				ASSETCATALOG_COMPILER_APPICON_NAME = AppIcon;
				CODE_SIGN_STYLE = Automatic;
				DEVELOPMENT_TEAM = Z83R2NMRNH;
				INFOPLIST_FILE = "iOS-Flask Sever/Info.plist";
				IPHONEOS_DEPLOYMENT_TARGET = 11.0;
				LD_RUNPATH_SEARCH_PATHS = (
					"$(inherited)",
					"@executable_path/Frameworks",
				);
				PRODUCT_BUNDLE_IDENTIFIER = "MIT-Media-Lab.iOS-Flask-Sever";
				PRODUCT_NAME = "$(TARGET_NAME)";
				SWIFT_VERSION = 4.2;
				TARGETED_DEVICE_FAMILY = "1,2";
			};
			name = Debug;
		};
		0A75E80D21C68C6B00E917C8 /* Release */ = {
			isa = XCBuildConfiguration;
			buildSettings = {
				ASSETCATALOG_COMPILER_APPICON_NAME = AppIcon;
				CODE_SIGN_STYLE = Automatic;
				DEVELOPMENT_TEAM = Z83R2NMRNH;
				INFOPLIST_FILE = "iOS-Flask Sever/Info.plist";
				IPHONEOS_DEPLOYMENT_TARGET = 11.0;
				LD_RUNPATH_SEARCH_PATHS = (
					"$(inherited)",
					"@executable_path/Frameworks",
				);
				PRODUCT_BUNDLE_IDENTIFIER = "MIT-Media-Lab.iOS-Flask-Sever";
				PRODUCT_NAME = "$(TARGET_NAME)";
				SWIFT_VERSION = 4.2;
				TARGETED_DEVICE_FAMILY = "1,2";
			};
			name = Release;
		};
		0A75E80F21C68C6B00E917C8 /* Debug */ = {
			isa = XCBuildConfiguration;
			buildSettings = {
				ALWAYS_EMBED_SWIFT_STANDARD_LIBRARIES = YES;
				BUNDLE_LOADER = "$(TEST_HOST)";
				CODE_SIGN_STYLE = Automatic;
				DEVELOPMENT_TEAM = Z83R2NMRNH;
				INFOPLIST_FILE = "iOS-Flask SeverTests/Info.plist";
				LD_RUNPATH_SEARCH_PATHS = (
					"$(inherited)",
					"@executable_path/Frameworks",
					"@loader_path/Frameworks",
				);
				PRODUCT_BUNDLE_IDENTIFIER = "MIT-Media-Lab.iOS-Flask-SeverTests";
				PRODUCT_NAME = "$(TARGET_NAME)";
				SWIFT_VERSION = 4.2;
				TARGETED_DEVICE_FAMILY = "1,2";
				TEST_HOST = "$(BUILT_PRODUCTS_DIR)/iOS-Flask Sever.app/iOS-Flask Sever";
			};
			name = Debug;
		};
		0A75E81021C68C6B00E917C8 /* Release */ = {
			isa = XCBuildConfiguration;
			buildSettings = {
				ALWAYS_EMBED_SWIFT_STANDARD_LIBRARIES = YES;
				BUNDLE_LOADER = "$(TEST_HOST)";
				CODE_SIGN_STYLE = Automatic;
				DEVELOPMENT_TEAM = Z83R2NMRNH;
				INFOPLIST_FILE = "iOS-Flask SeverTests/Info.plist";
				LD_RUNPATH_SEARCH_PATHS = (
					"$(inherited)",
					"@executable_path/Frameworks",
					"@loader_path/Frameworks",
				);
				PRODUCT_BUNDLE_IDENTIFIER = "MIT-Media-Lab.iOS-Flask-SeverTests";
				PRODUCT_NAME = "$(TARGET_NAME)";
				SWIFT_VERSION = 4.2;
				TARGETED_DEVICE_FAMILY = "1,2";
				TEST_HOST = "$(BUILT_PRODUCTS_DIR)/iOS-Flask Sever.app/iOS-Flask Sever";
			};
			name = Release;
		};
		0A75E81221C68C6B00E917C8 /* Debug */ = {
			isa = XCBuildConfiguration;
			buildSettings = {
				ALWAYS_EMBED_SWIFT_STANDARD_LIBRARIES = YES;
				CODE_SIGN_STYLE = Automatic;
				DEVELOPMENT_TEAM = Z83R2NMRNH;
				INFOPLIST_FILE = "iOS-Flask SeverUITests/Info.plist";
				LD_RUNPATH_SEARCH_PATHS = (
					"$(inherited)",
					"@executable_path/Frameworks",
					"@loader_path/Frameworks",
				);
				PRODUCT_BUNDLE_IDENTIFIER = "MIT-Media-Lab.iOS-Flask-SeverUITests";
				PRODUCT_NAME = "$(TARGET_NAME)";
				SWIFT_VERSION = 4.2;
				TARGETED_DEVICE_FAMILY = "1,2";
				TEST_TARGET_NAME = "iOS-Flask Sever";
			};
			name = Debug;
		};
		0A75E81321C68C6B00E917C8 /* Release */ = {
			isa = XCBuildConfiguration;
			buildSettings = {
				ALWAYS_EMBED_SWIFT_STANDARD_LIBRARIES = YES;
				CODE_SIGN_STYLE = Automatic;
				DEVELOPMENT_TEAM = Z83R2NMRNH;
				INFOPLIST_FILE = "iOS-Flask SeverUITests/Info.plist";
				LD_RUNPATH_SEARCH_PATHS = (
					"$(inherited)",
					"@executable_path/Frameworks",
					"@loader_path/Frameworks",
				);
				PRODUCT_BUNDLE_IDENTIFIER = "MIT-Media-Lab.iOS-Flask-SeverUITests";
				PRODUCT_NAME = "$(TARGET_NAME)";
				SWIFT_VERSION = 4.2;
				TARGETED_DEVICE_FAMILY = "1,2";
				TEST_TARGET_NAME = "iOS-Flask Sever";
			};
			name = Release;
		};
/* End XCBuildConfiguration section */

/* Begin XCConfigurationList section */
		0A75E7DE21C68C6900E917C8 /* Build configuration list for PBXProject "iOS-Flask Sever" */ = {
			isa = XCConfigurationList;
			buildConfigurations = (
				0A75E80921C68C6B00E917C8 /* Debug */,
				0A75E80A21C68C6B00E917C8 /* Release */,
			);
			defaultConfigurationIsVisible = 0;
			defaultConfigurationName = Release;
		};
		0A75E80B21C68C6B00E917C8 /* Build configuration list for PBXNativeTarget "iOS-Flask Sever" */ = {
			isa = XCConfigurationList;
			buildConfigurations = (
				0A75E80C21C68C6B00E917C8 /* Debug */,
				0A75E80D21C68C6B00E917C8 /* Release */,
			);
			defaultConfigurationIsVisible = 0;
			defaultConfigurationName = Release;
		};
		0A75E80E21C68C6B00E917C8 /* Build configuration list for PBXNativeTarget "iOS-Flask SeverTests" */ = {
			isa = XCConfigurationList;
			buildConfigurations = (
				0A75E80F21C68C6B00E917C8 /* Debug */,
				0A75E81021C68C6B00E917C8 /* Release */,
			);
			defaultConfigurationIsVisible = 0;
			defaultConfigurationName = Release;
		};
		0A75E81121C68C6B00E917C8 /* Build configuration list for PBXNativeTarget "iOS-Flask SeverUITests" */ = {
			isa = XCConfigurationList;
			buildConfigurations = (
				0A75E81221C68C6B00E917C8 /* Debug */,
				0A75E81321C68C6B00E917C8 /* Release */,
			);
			defaultConfigurationIsVisible = 0;
			defaultConfigurationName = Release;
		};
/* End XCConfigurationList section */
	};
	rootObject = 0A75E7DB21C68C6900E917C8 /* Project object */;
}
